
Microsoft Visual Studio Solution File, Format Version 12.00
# Visual Studio 15
VisualStudioVersion = 15.0.27004.2009
MinimumVisualStudioVersion = 10.0.40219.1
Project("{FAE04EC0-301F-11D3-BF4B-00C04F79EFBC}") = "tomatotimer.Android", "tomatotimer\tomatotimer.Android\tomatotimer.Android.csproj", "{F922EF23-123F-4BEE-B490-AE52F7728304}"
EndProject
Project("{FAE04EC0-301F-11D3-BF4B-00C04F79EFBC}") = "tomatotimer.iOS", "tomatotimer\tomatotimer.iOS\tomatotimer.iOS.csproj", "{07D157EF-4B5D-4ED7-8118-2FE501CAD66D}"
EndProject
Project("{D954291E-2A0B-460D-934E-DC6B0785DB48}") = "tomatotimer", "tomatotimer\tomatotimer\tomatotimer.shproj", "{77CB8F2B-6309-4DF8-9E37-DA0EED6B14D4}"
EndProject
Global
	GlobalSection(SharedMSBuildProjectFiles) = preSolution
		tomatotimer\tomatotimer\tomatotimer.projitems*{77cb8f2b-6309-4df8-9e37-da0eed6b14d4}*SharedItemsImports = 13
	EndGlobalSection
	GlobalSection(SolutionConfigurationPlatforms) = preSolution
		Debug|Any CPU = Debug|Any CPU
		Debug|iPhone = Debug|iPhone
		Debug|iPhoneSimulator = Debug|iPhoneSimulator
		Release|Any CPU = Release|Any CPU
		Release|iPhone = Release|iPhone
		Release|iPhoneSimulator = Release|iPhoneSimulator
	EndGlobalSection
	GlobalSection(ProjectConfigurationPlatforms) = postSolution
		{F922EF23-123F-4BEE-B490-AE52F7728304}.Debug|Any CPU.ActiveCfg = Debug|Any CPU
		{F922EF23-123F-4BEE-B490-AE52F7728304}.Debug|Any CPU.Build.0 = Debug|Any CPU
		{F922EF23-123F-4BEE-B490-AE52F7728304}.Debug|Any CPU.Deploy.0 = Debug|Any CPU
		{F922EF23-123F-4BEE-B490-AE52F7728304}.Debug|iPhone.ActiveCfg = Debug|Any CPU
		{F922EF23-123F-4BEE-B490-AE52F7728304}.Debug|iPhone.Build.0 = Debug|Any CPU
		{F922EF23-123F-4BEE-B490-AE52F7728304}.Debug|iPhone.Deploy.0 = Debug|Any CPU
		{F922EF23-123F-4BEE-B490-AE52F7728304}.Debug|iPhoneSimulator.ActiveCfg = Debug|Any CPU
		{F922EF23-123F-4BEE-B490-AE52F7728304}.Debug|iPhoneSimulator.Build.0 = Debug|Any CPU
		{F922EF23-123F-4BEE-B490-AE52F7728304}.Debug|iPhoneSimulator.Deploy.0 = Debug|Any CPU
		{F922EF23-123F-4BEE-B490-AE52F7728304}.Release|Any CPU.ActiveCfg = Release|Any CPU
		{F922EF23-123F-4BEE-B490-AE52F7728304}.Release|Any CPU.Build.0 = Release|Any CPU
		{F922EF23-123F-4BEE-B490-AE52F7728304}.Release|Any CPU.Deploy.0 = Release|Any CPU
		{F922EF23-123F-4BEE-B490-AE52F7728304}.Release|iPhone.ActiveCfg = Release|Any CPU
		{F922EF23-123F-4BEE-B490-AE52F7728304}.Release|iPhone.Build.0 = Release|Any CPU
		{F922EF23-123F-4BEE-B490-AE52F7728304}.Release|iPhone.Deploy.0 = Release|Any CPU
		{F922EF23-123F-4BEE-B490-AE52F7728304}.Release|iPhoneSimulator.ActiveCfg = Release|Any CPU
		{F922EF23-123F-4BEE-B490-AE52F7728304}.Release|iPhoneSimulator.Build.0 = Release|Any CPU
		{F922EF23-123F-4BEE-B490-AE52F7728304}.Release|iPhoneSimulator.Deploy.0 = Release|Any CPU
		{07D157EF-4B5D-4ED7-8118-2FE501CAD66D}.Debug|Any CPU.ActiveCfg = Debug|iPhoneSimulator
		{07D157EF-4B5D-4ED7-8118-2FE501CAD66D}.Debug|iPhone.ActiveCfg = Debug|iPhone
		{07D157EF-4B5D-4ED7-8118-2FE501CAD66D}.Debug|iPhone.Build.0 = Debug|iPhone
		{07D157EF-4B5D-4ED7-8118-2FE501CAD66D}.Debug|iPhoneSimulator.ActiveCfg = Debug|iPhoneSimulator
		{07D157EF-4B5D-4ED7-8118-2FE501CAD66D}.Debug|iPhoneSimulator.Build.0 = Debug|iPhoneSimulator
		{07D157EF-4B5D-4ED7-8118-2FE501CAD66D}.Release|Any CPU.ActiveCfg = Release|iPhoneSimulator
		{07D157EF-4B5D-4ED7-8118-2FE501CAD66D}.Release|iPhone.ActiveCfg = Release|iPhone
		{07D157EF-4B5D-4ED7-8118-2FE501CAD66D}.Release|iPhone.Build.0 = Release|iPhone
		{07D157EF-4B5D-4ED7-8118-2FE501CAD66D}.Release|iPhoneSimulator.ActiveCfg = Release|iPhoneSimulator
		{07D157EF-4B5D-4ED7-8118-2FE501CAD66D}.Release|iPhoneSimulator.Build.0 = Release|iPhoneSimulator
	EndGlobalSection
	GlobalSection(SolutionProperties) = preSolution
		HideSolutionNode = FALSE
	EndGlobalSection
	GlobalSection(ExtensibilityGlobals) = postSolution
		SolutionGuid = {3DC21859-EF39-4A05-925C-B0A52C2810F0}
	EndGlobalSection
EndGlobal
